// !$*UTF8*$!
{
	archiveVersion = 1;
	classes = {
	};
	objectVersion = 77;
	objects = {

/* Begin PBXBuildFile section */
		DC000000000000000000001C /* DICOMKit in Frameworks */ = {isa = PBXBuildFile; productRef = DC000000000000000000001B /* DICOMKit */; };
		DC000000000000000000001D /* DICOMKitCloudHost.framework in Frameworks */ = {isa = PBXBuildFile; fileRef = DC0000000000000000000006 /* DICOMKitCloudHost.framework */; };
/* End PBXBuildFile section */

/* Begin PBXContainerItemProxy section */
		DC000000000000000000001E /* PBXContainerItemProxy */ = {
			isa = PBXContainerItemProxy;
			containerPortal = DC0000000000000000000001 /* Project object */;
			proxyType = 1;
			remoteGlobalIDString = DC0000000000000000000008;
			remoteInfo = DICOMKitCloudHost;
		};
/* End PBXContainerItemProxy section */

/* Begin PBXFileReference section */
		DC0000000000000000000006 /* DICOMKitCloudHost.framework */ = {isa = PBXFileReference; explicitFileType = wrapper.framework; includeInIndex = 0; path = DICOMKitCloudHost.framework; sourceTree = BUILT_PRODUCTS_DIR; };
		DC0000000000000000000007 /* DICOMKitCloudHostTests.xctest */ = {isa = PBXFileReference; explicitFileType = wrapper.cfbundle; includeInIndex = 0; path = DICOMKitCloudHostTests.xctest; sourceTree = BUILT_PRODUCTS_DIR; };
/* End PBXFileReference section */

/* Begin PBXFileSystemSynchronizedRootGroup section */
		DC0000000000000000000004 /* CloudHost */ = {
			isa = PBXFileSystemSynchronizedRootGroup;
			path = CloudHost;
			sourceTree = "<group>";
		};
		DC0000000000000000000005 /* CloudHostTests */ = {
			isa = PBXFileSystemSynchronizedRootGroup;
			path = CloudHostTests;
			sourceTree = "<group>";
		};
/* End PBXFileSystemSynchronizedRootGroup section */

/* Begin PBXFrameworksBuildPhase section */
		DC000000000000000000000C /* Frameworks */ = {
			isa = PBXFrameworksBuildPhase;
			buildActionMask = 2147483647;
			files = (
				DC000000000000000000001C /* DICOMKit in Frameworks */,
			);
			runOnlyForDeploymentPostprocessing = 0;
		};
		DC000000000000000000000D /* Frameworks */ = {
			isa = PBXFrameworksBuildPhase;
			buildActionMask = 2147483647;
			files = (
				DC000000000000000000001D /* DICOMKitCloudHost.framework in Frameworks */,
			);
			runOnlyForDeploymentPostprocessing = 0;
		};
/* End PBXFrameworksBuildPhase section */

/* Begin PBXGroup section */
		DC0000000000000000000002 = {
			isa = PBXGroup;
			children = (
				DC0000000000000000000004 /* CloudHost */,
				DC0000000000000000000005 /* CloudHostTests */,
				DC0000000000000000000003 /* Products */,
			);
			sourceTree = "<group>";
		};
		DC0000000000000000000003 /* Products */ = {
			isa = PBXGroup;
			children = (
				DC0000000000000000000006 /* DICOMKitCloudHost.framework */,
				DC0000000000000000000007 /* DICOMKitCloudHostTests.xctest */,
			);
			name = Products;
			sourceTree = "<group>";
		};
/* End PBXGroup section */

/* Begin PBXHeadersBuildPhase section */
		DC0000000000000000000010 /* Headers */ = {
			isa = PBXHeadersBuildPhase;
			buildActionMask = 2147483647;
			files = (
			);
			runOnlyForDeploymentPostprocessing = 0;
		};
/* End PBXHeadersBuildPhase section */

/* Begin PBXNativeTarget section */
		DC0000000000000000000008 /* DICOMKitCloudHost */ = {
			isa = PBXNativeTarget;
			buildConfigurationList = DC0000000000000000000015 /* Build configuration list for PBXNativeTarget "DICOMKitCloudHost" */;
			buildPhases = (
				DC0000000000000000000010 /* Headers */,
				DC000000000000000000000A /* Sources */,
				DC000000000000000000000C /* Frameworks */,
				DC000000000000000000000E /* Resources */,
			);
			buildRules = (
			);
			dependencies = (
			);
			fileSystemSynchronizedGroups = (
				DC0000000000000000000004 /* CloudHost */,
			);
			name = DICOMKitCloudHost;
			packageProductDependencies = (
				DC000000000000000000001B /* DICOMKit */,
			);
			productName = DICOMKitCloudHost;
			productReference = DC0000000000000000000006 /* DICOMKitCloudHost.framework */;
			productType = "com.apple.product-type.framework";
		};
		DC0000000000000000000009 /* DICOMKitCloudHostTests */ = {
			isa = PBXNativeTarget;
			buildConfigurationList = DC0000000000000000000016 /* Build configuration list for PBXNativeTarget "DICOMKitCloudHostTests" */;
			buildPhases = (
				DC000000000000000000000B /* Sources */,
				DC000000000000000000000D /* Frameworks */,
				DC000000000000000000000F /* Resources */,
			);
			buildRules = (
			);
			dependencies = (
				DC000000000000000000001F /* PBXTargetDependency */,
			);
			fileSystemSynchronizedGroups = (
				DC0000000000000000000005 /* CloudHostTests */,
			);
			name = DICOMKitCloudHostTests;
			packageProductDependencies = (
			);
			productName = DICOMKitCloudHostTests;
			productReference = DC0000000000000000000007 /* DICOMKitCloudHostTests.xctest */;
			productType = "com.apple.product-type.bundle.unit-test";
		};
/* End PBXNativeTarget section */

/* Begin PBXProject section */
		DC0000000000000000000001 /* Project object */ = {
			isa = PBXProject;
			attributes = {
				BuildIndependentTargetsInParallel = 1;
				LastSwiftUpdateCheck = 2660;
				LastUpgradeCheck = 2660;
				TargetAttributes = {
					DC0000000000000000000008 = {
						CreatedOnToolsVersion = 26.6;
					};
					DC0000000000000000000009 = {
						CreatedOnToolsVersion = 26.6;
					};
				};
			};
			buildConfigurationList = DC0000000000000000000014 /* Build configuration list for PBXProject "DICOMKit" */;
			developmentRegion = en;
			hasScannedForEncodings = 0;
			knownRegions = (
				en,
				Base,
			);
			mainGroup = DC0000000000000000000002;
			minimizedProjectReferenceProxies = 1;
			packageReferences = (
				DC000000000000000000001A /* Local DICOMKit package */,
			);
			preferredProjectObjectVersion = 77;
			productRefGroup = DC0000000000000000000003 /* Products */;
			projectDirPath = "";
			projectRoot = "";
			targets = (
				DC0000000000000000000008 /* DICOMKitCloudHost */,
				DC0000000000000000000009 /* DICOMKitCloudHostTests */,
			);
		};
/* End PBXProject section */

/* Begin PBXResourcesBuildPhase section */
		DC000000000000000000000E /* Resources */ = {
			isa = PBXResourcesBuildPhase;
			buildActionMask = 2147483647;
			files = (
			);
			runOnlyForDeploymentPostprocessing = 0;
		};
		DC000000000000000000000F /* Resources */ = {
			isa = PBXResourcesBuildPhase;
			buildActionMask = 2147483647;
			files = (
			);
			runOnlyForDeploymentPostprocessing = 0;
		};
/* End PBXResourcesBuildPhase section */

/* Begin PBXSourcesBuildPhase section */
		DC000000000000000000000A /* Sources */ = {
			isa = PBXSourcesBuildPhase;
			buildActionMask = 2147483647;
			files = (
			);
			runOnlyForDeploymentPostprocessing = 0;
		};
		DC000000000000000000000B /* Sources */ = {
			isa = PBXSourcesBuildPhase;
			buildActionMask = 2147483647;
			files = (
			);
			runOnlyForDeploymentPostprocessing = 0;
		};
/* End PBXSourcesBuildPhase section */

/* Begin PBXTargetDependency section */
		DC000000000000000000001F /* PBXTargetDependency */ = {
			isa = PBXTargetDependency;
			target = DC0000000000000000000008 /* DICOMKitCloudHost */;
			targetProxy = DC000000000000000000001E /* PBXContainerItemProxy */;
		};
/* End PBXTargetDependency section */

/* Begin XCBuildConfiguration section */
		DC0000000000000000000011 /* Debug */ = {
			isa = XCBuildConfiguration;
			buildSettings = {
				CLANG_ENABLE_MODULES = YES;
				COPY_PHASE_STRIP = NO;
				DEBUG_INFORMATION_FORMAT = dwarf;
				ENABLE_TESTABILITY = YES;
				ONLY_ACTIVE_ARCH = YES;
				SWIFT_ACTIVE_COMPILATION_CONDITIONS = "DEBUG $(inherited)";
				SWIFT_OPTIMIZATION_LEVEL = "-Onone";
			};
			name = Debug;
		};
		DC0000000000000000000012 /* Release */ = {
			isa = XCBuildConfiguration;
			buildSettings = {
				CLANG_ENABLE_MODULES = YES;
				COPY_PHASE_STRIP = NO;
				DEBUG_INFORMATION_FORMAT = "dwarf-with-dsym";
				SWIFT_COMPILATION_MODE = wholemodule;
			};
			name = Release;
		};
		DC0000000000000000000017 /* Debug */ = {
			isa = XCBuildConfiguration;
			buildSettings = {
				CODE_SIGN_STYLE = Automatic;
				DEFINES_MODULE = YES;
				GENERATE_INFOPLIST_FILE = YES;
				PRODUCT_BUNDLE_IDENTIFIER = org.studiomexx.DICOMKitCloudHost;
				PRODUCT_NAME = "$(TARGET_NAME:c99extidentifier)";
				SKIP_INSTALL = YES;
				SUPPORTED_PLATFORMS = "iphoneos iphonesimulator macosx";
				SUPPORTS_MACCATALYST = NO;
				SWIFT_VERSION = 6.0;
				TARGETED_DEVICE_FAMILY = 2;
			};
			name = Debug;
		};
		DC0000000000000000000018 /* Release */ = {
			isa = XCBuildConfiguration;
			buildSettings = {
				CODE_SIGN_STYLE = Automatic;
				DEFINES_MODULE = YES;
				GENERATE_INFOPLIST_FILE = YES;
				PRODUCT_BUNDLE_IDENTIFIER = org.studiomexx.DICOMKitCloudHost;
				PRODUCT_NAME = "$(TARGET_NAME:c99extidentifier)";
				SKIP_INSTALL = YES;
				SUPPORTED_PLATFORMS = "iphoneos iphonesimulator macosx";
				SUPPORTS_MACCATALYST = NO;
				SWIFT_VERSION = 6.0;
				TARGETED_DEVICE_FAMILY = 2;
			};
			name = Release;
		};
		DC0000000000000000000019 /* Debug */ = {
			isa = XCBuildConfiguration;
			buildSettings = {
				CODE_SIGN_STYLE = Automatic;
				GENERATE_INFOPLIST_FILE = YES;
				PRODUCT_BUNDLE_IDENTIFIER = org.studiomexx.DICOMKitCloudHostTests;
				PRODUCT_NAME = "$(TARGET_NAME)";
				SUPPORTED_PLATFORMS = "iphoneos iphonesimulator macosx";
				SUPPORTS_MACCATALYST = NO;
				SWIFT_VERSION = 6.0;
				TARGETED_DEVICE_FAMILY = 2;
			};
			name = Debug;
		};
		DC0000000000000000000020 /* Release */ = {
			isa = XCBuildConfiguration;
			buildSettings = {
				CODE_SIGN_STYLE = Automatic;
				GENERATE_INFOPLIST_FILE = YES;
				PRODUCT_BUNDLE_IDENTIFIER = org.studiomexx.DICOMKitCloudHostTests;
				PRODUCT_NAME = "$(TARGET_NAME)";
				SUPPORTED_PLATFORMS = "iphoneos iphonesimulator macosx";
				SUPPORTS_MACCATALYST = NO;
				SWIFT_VERSION = 6.0;
				TARGETED_DEVICE_FAMILY = 2;
			};
			name = Release;
		};
/* End XCBuildConfiguration section */

/* Begin XCConfigurationList section */
		DC0000000000000000000014 /* Build configuration list for PBXProject "DICOMKit" */ = {
			isa = XCConfigurationList;
			buildConfigurations = (
				DC0000000000000000000011 /* Debug */,
				DC0000000000000000000012 /* Release */,
			);
			defaultConfigurationIsVisible = 0;
			defaultConfigurationName = Release;
		};
		DC0000000000000000000015 /* Build configuration list for PBXNativeTarget "DICOMKitCloudHost" */ = {
			isa = XCConfigurationList;
			buildConfigurations = (
				DC0000000000000000000017 /* Debug */,
				DC0000000000000000000018 /* Release */,
			);
			defaultConfigurationIsVisible = 0;
			defaultConfigurationName = Release;
		};
		DC0000000000000000000016 /* Build configuration list for PBXNativeTarget "DICOMKitCloudHostTests" */ = {
			isa = XCConfigurationList;
			buildConfigurations = (
				DC0000000000000000000019 /* Debug */,
				DC0000000000000000000020 /* Release */,
			);
			defaultConfigurationIsVisible = 0;
			defaultConfigurationName = Release;
		};
/* End XCConfigurationList section */

/* Begin XCLocalSwiftPackageReference section */
		DC000000000000000000001A /* Local DICOMKit package */ = {
			isa = XCLocalSwiftPackageReference;
			relativePath = ".";
		};
/* End XCLocalSwiftPackageReference section */

/* Begin XCSwiftPackageProductDependency section */
		DC000000000000000000001B /* DICOMKit */ = {
			isa = XCSwiftPackageProductDependency;
			package = DC000000000000000000001A /* Local DICOMKit package */;
			productName = DICOMKit;
		};
/* End XCSwiftPackageProductDependency section */
	};
	rootObject = DC0000000000000000000001 /* Project object */;
}
